
Microsoft Visual Studio Solution File, Format Version 12.00
# Visual Studio Version 17
VisualStudioVersion = 17.9.34607.119
MinimumVisualStudioVersion = 10.0.40219.1
Project("{FAE04EC0-301F-11D3-BF4B-00C04F79EFBC}") = "guzikcwel", "guzikcwel\guzikcwel.csproj", "{CA90121B-CA4E-4D0F-9B96-032C2EFEDD81}"
EndProject
Global
	GlobalSection(SolutionConfigurationPlatforms) = preSolution
		Debug|Any CPU = Debug|Any CPU
		Release|Any CPU = Release|Any CPU
	EndGlobalSection
	GlobalSection(ProjectConfigurationPlatforms) = postSolution
		{CA90121B-CA4E-4D0F-9B96-032C2EFEDD81}.Debug|Any CPU.ActiveCfg = Debug|Any CPU
		{CA90121B-CA4E-4D0F-9B96-032C2EFEDD81}.Debug|Any CPU.Build.0 = Debug|Any CPU
		{CA90121B-CA4E-4D0F-9B96-032C2EFEDD81}.Release|Any CPU.ActiveCfg = Release|Any CPU
		{CA90121B-CA4E-4D0F-9B96-032C2EFEDD81}.Release|Any CPU.Build.0 = Release|Any CPU
	EndGlobalSection
	GlobalSection(SolutionProperties) = preSolution
		HideSolutionNode = FALSE
	EndGlobalSection
	GlobalSection(ExtensibilityGlobals) = postSolution
		SolutionGuid = {4E6477D7-340C-48B1-99AB-A6BF5E37E467}
	EndGlobalSection
EndGlobal
